
Microsoft Visual Studio Solution File, Format Version 12.00
# Visual Studio Version 17
VisualStudioVersion = 17.7.34024.191
MinimumVisualStudioVersion = 10.0.40219.1
Project("{9A19103F-16F7-4668-BE54-9A1E7A4F7556}") = "Q8", "w8Project\Q8.csproj", "{AE50052C-AE35-4DF9-A077-DFF6E6FC0368}"
EndProject
Project("{9A19103F-16F7-4668-BE54-9A1E7A4F7556}") = "Q9", "Q9\Q9.csproj", "{284AD97E-296A-4819-8FFF-E52F375934E1}"
EndProject
Project("{9A19103F-16F7-4668-BE54-9A1E7A4F7556}") = "Q10", "Q10\Q10.csproj", "{5138419F-C2AF-429C-85E5-4BA36985AF3E}"
EndProject
Project("{9A19103F-16F7-4668-BE54-9A1E7A4F7556}") = "Q11", "Q11\Q11.csproj", "{19BD7152-90AF-4A06-8CA6-FED7298D5422}"
EndProject
Project("{FAE04EC0-301F-11D3-BF4B-00C04F79EFBC}") = "Q12", "Q12\Q12.csproj", "{80CEA79A-348A-41D8-8815-71F18EB40EC0}"
EndProject
Global
	GlobalSection(SolutionConfigurationPlatforms) = preSolution
		Debug|Any CPU = Debug|Any CPU
		Release|Any CPU = Release|Any CPU
	EndGlobalSection
	GlobalSection(ProjectConfigurationPlatforms) = postSolution
		{AE50052C-AE35-4DF9-A077-DFF6E6FC0368}.Debug|Any CPU.ActiveCfg = Debug|Any CPU
		{AE50052C-AE35-4DF9-A077-DFF6E6FC0368}.Debug|Any CPU.Build.0 = Debug|Any CPU
		{AE50052C-AE35-4DF9-A077-DFF6E6FC0368}.Release|Any CPU.ActiveCfg = Release|Any CPU
		{AE50052C-AE35-4DF9-A077-DFF6E6FC0368}.Release|Any CPU.Build.0 = Release|Any CPU
		{284AD97E-296A-4819-8FFF-E52F375934E1}.Debug|Any CPU.ActiveCfg = Debug|Any CPU
		{284AD97E-296A-4819-8FFF-E52F375934E1}.Debug|Any CPU.Build.0 = Debug|Any CPU
		{284AD97E-296A-4819-8FFF-E52F375934E1}.Release|Any CPU.ActiveCfg = Release|Any CPU
		{284AD97E-296A-4819-8FFF-E52F375934E1}.Release|Any CPU.Build.0 = Release|Any CPU
		{5138419F-C2AF-429C-85E5-4BA36985AF3E}.Debug|Any CPU.ActiveCfg = Debug|Any CPU
		{5138419F-C2AF-429C-85E5-4BA36985AF3E}.Debug|Any CPU.Build.0 = Debug|Any CPU
		{5138419F-C2AF-429C-85E5-4BA36985AF3E}.Release|Any CPU.ActiveCfg = Release|Any CPU
		{5138419F-C2AF-429C-85E5-4BA36985AF3E}.Release|Any CPU.Build.0 = Release|Any CPU
		{19BD7152-90AF-4A06-8CA6-FED7298D5422}.Debug|Any CPU.ActiveCfg = Debug|Any CPU
		{19BD7152-90AF-4A06-8CA6-FED7298D5422}.Debug|Any CPU.Build.0 = Debug|Any CPU
		{19BD7152-90AF-4A06-8CA6-FED7298D5422}.Release|Any CPU.ActiveCfg = Release|Any CPU
		{19BD7152-90AF-4A06-8CA6-FED7298D5422}.Release|Any CPU.Build.0 = Release|Any CPU
		{80CEA79A-348A-41D8-8815-71F18EB40EC0}.Debug|Any CPU.ActiveCfg = Debug|Any CPU
		{80CEA79A-348A-41D8-8815-71F18EB40EC0}.Debug|Any CPU.Build.0 = Debug|Any CPU
		{80CEA79A-348A-41D8-8815-71F18EB40EC0}.Release|Any CPU.ActiveCfg = Release|Any CPU
		{80CEA79A-348A-41D8-8815-71F18EB40EC0}.Release|Any CPU.Build.0 = Release|Any CPU
	EndGlobalSection
	GlobalSection(SolutionProperties) = preSolution
		HideSolutionNode = FALSE
	EndGlobalSection
	GlobalSection(ExtensibilityGlobals) = postSolution
		SolutionGuid = {DA165D50-812B-47A9-A8FD-C7F9BF7CF9C3}
	EndGlobalSection
EndGlobal
