
Microsoft Visual Studio Solution File, Format Version 12.00
# Visual Studio Version 17
VisualStudioVersion = 17.7.34024.191
MinimumVisualStudioVersion = 10.0.40219.1
Project("{9A19103F-16F7-4668-BE54-9A1E7A4F7556}") = "Q1", "Q1\Q1.csproj", "{B2DA4E80-2D22-4E68-A8B3-6D947FD76315}"
EndProject
Project("{9A19103F-16F7-4668-BE54-9A1E7A4F7556}") = "Q2", "Q2\Q2.csproj", "{6C71B14A-C2EB-4766-8007-FB3D9425DFB6}"
EndProject
Project("{9A19103F-16F7-4668-BE54-9A1E7A4F7556}") = "Q3", "Q3\Q3.csproj", "{EBC0C2A5-A045-47CB-9CBA-6174917C6E1C}"
EndProject
Project("{9A19103F-16F7-4668-BE54-9A1E7A4F7556}") = "Q4", "Q4\Q4.csproj", "{8EA1E9B8-A77D-47C5-B8FF-BEC9D4F498D3}"
EndProject
Project("{FAE04EC0-301F-11D3-BF4B-00C04F79EFBC}") = "Q5", "Q5\Q5.csproj", "{3E1C29D9-68C1-44FB-9F85-99C3F6013164}"
EndProject
Project("{FAE04EC0-301F-11D3-BF4B-00C04F79EFBC}") = "Q6", "Q6\Q6.csproj", "{6C0B2320-0FF3-49A8-9356-6BC450EA51CA}"
EndProject
Global
	GlobalSection(SolutionConfigurationPlatforms) = preSolution
		Debug|Any CPU = Debug|Any CPU
		Release|Any CPU = Release|Any CPU
	EndGlobalSection
	GlobalSection(ProjectConfigurationPlatforms) = postSolution
		{B2DA4E80-2D22-4E68-A8B3-6D947FD76315}.Debug|Any CPU.ActiveCfg = Debug|Any CPU
		{B2DA4E80-2D22-4E68-A8B3-6D947FD76315}.Debug|Any CPU.Build.0 = Debug|Any CPU
		{B2DA4E80-2D22-4E68-A8B3-6D947FD76315}.Release|Any CPU.ActiveCfg = Release|Any CPU
		{B2DA4E80-2D22-4E68-A8B3-6D947FD76315}.Release|Any CPU.Build.0 = Release|Any CPU
		{6C71B14A-C2EB-4766-8007-FB3D9425DFB6}.Debug|Any CPU.ActiveCfg = Debug|Any CPU
		{6C71B14A-C2EB-4766-8007-FB3D9425DFB6}.Debug|Any CPU.Build.0 = Debug|Any CPU
		{6C71B14A-C2EB-4766-8007-FB3D9425DFB6}.Release|Any CPU.ActiveCfg = Release|Any CPU
		{6C71B14A-C2EB-4766-8007-FB3D9425DFB6}.Release|Any CPU.Build.0 = Release|Any CPU
		{EBC0C2A5-A045-47CB-9CBA-6174917C6E1C}.Debug|Any CPU.ActiveCfg = Debug|Any CPU
		{EBC0C2A5-A045-47CB-9CBA-6174917C6E1C}.Debug|Any CPU.Build.0 = Debug|Any CPU
		{EBC0C2A5-A045-47CB-9CBA-6174917C6E1C}.Release|Any CPU.ActiveCfg = Release|Any CPU
		{EBC0C2A5-A045-47CB-9CBA-6174917C6E1C}.Release|Any CPU.Build.0 = Release|Any CPU
		{8EA1E9B8-A77D-47C5-B8FF-BEC9D4F498D3}.Debug|Any CPU.ActiveCfg = Debug|Any CPU
		{8EA1E9B8-A77D-47C5-B8FF-BEC9D4F498D3}.Debug|Any CPU.Build.0 = Debug|Any CPU
		{8EA1E9B8-A77D-47C5-B8FF-BEC9D4F498D3}.Release|Any CPU.ActiveCfg = Release|Any CPU
		{8EA1E9B8-A77D-47C5-B8FF-BEC9D4F498D3}.Release|Any CPU.Build.0 = Release|Any CPU
		{3E1C29D9-68C1-44FB-9F85-99C3F6013164}.Debug|Any CPU.ActiveCfg = Debug|Any CPU
		{3E1C29D9-68C1-44FB-9F85-99C3F6013164}.Debug|Any CPU.Build.0 = Debug|Any CPU
		{3E1C29D9-68C1-44FB-9F85-99C3F6013164}.Release|Any CPU.ActiveCfg = Release|Any CPU
		{3E1C29D9-68C1-44FB-9F85-99C3F6013164}.Release|Any CPU.Build.0 = Release|Any CPU
		{6C0B2320-0FF3-49A8-9356-6BC450EA51CA}.Debug|Any CPU.ActiveCfg = Debug|Any CPU
		{6C0B2320-0FF3-49A8-9356-6BC450EA51CA}.Debug|Any CPU.Build.0 = Debug|Any CPU
		{6C0B2320-0FF3-49A8-9356-6BC450EA51CA}.Release|Any CPU.ActiveCfg = Release|Any CPU
		{6C0B2320-0FF3-49A8-9356-6BC450EA51CA}.Release|Any CPU.Build.0 = Release|Any CPU
	EndGlobalSection
	GlobalSection(SolutionProperties) = preSolution
		HideSolutionNode = FALSE
	EndGlobalSection
	GlobalSection(ExtensibilityGlobals) = postSolution
		SolutionGuid = {378375A4-6365-4154-87E2-AEA3CD0F8B6A}
	EndGlobalSection
EndGlobal
