
Microsoft Visual Studio Solution File, Format Version 12.00
# Visual Studio Version 17
VisualStudioVersion = 17.7.34024.191
MinimumVisualStudioVersion = 10.0.40219.1
Project("{9A19103F-16F7-4668-BE54-9A1E7A4F7556}") = "Q1", "w9\Q1.csproj", "{E3C57E5D-187C-4C77-8A52-05D328CBA2E2}"
EndProject
Project("{9A19103F-16F7-4668-BE54-9A1E7A4F7556}") = "Q2", "Q2\Q2.csproj", "{38F52654-8C01-4240-9DD6-2CA421EDEA96}"
EndProject
Project("{9A19103F-16F7-4668-BE54-9A1E7A4F7556}") = "Q3", "Q3\Q3.csproj", "{85D5C0A5-FC1C-4478-8AFE-A5DB8D9E7C9B}"
EndProject
Project("{9A19103F-16F7-4668-BE54-9A1E7A4F7556}") = "Q4", "Q4\Q4.csproj", "{F2ABA88E-7C9A-429C-8C8C-C0B9D5547556}"
EndProject
Project("{9A19103F-16F7-4668-BE54-9A1E7A4F7556}") = "Q5", "Q5\Q5.csproj", "{B20C220E-366D-4BBE-931F-9F914F060029}"
EndProject
Project("{9A19103F-16F7-4668-BE54-9A1E7A4F7556}") = "Q6", "Q6\Q6.csproj", "{9DCF35D3-2615-482C-95EC-39AE1A69A371}"
EndProject
Project("{FAE04EC0-301F-11D3-BF4B-00C04F79EFBC}") = "Q7", "Q7\Q7.csproj", "{2569DE16-48E0-4697-BD4E-F5837C201D7E}"
EndProject
Project("{FAE04EC0-301F-11D3-BF4B-00C04F79EFBC}") = "Q9", "Q9\Q9.csproj", "{EA18C05E-EBFE-408F-8DC0-64FD39B2F176}"
EndProject
Project("{FAE04EC0-301F-11D3-BF4B-00C04F79EFBC}") = "Q12", "Q12\Q12.csproj", "{06008CA4-E539-4F00-8388-3CDA723BCD83}"
EndProject
Global
	GlobalSection(SolutionConfigurationPlatforms) = preSolution
		Debug|Any CPU = Debug|Any CPU
		Release|Any CPU = Release|Any CPU
	EndGlobalSection
	GlobalSection(ProjectConfigurationPlatforms) = postSolution
		{E3C57E5D-187C-4C77-8A52-05D328CBA2E2}.Debug|Any CPU.ActiveCfg = Debug|Any CPU
		{E3C57E5D-187C-4C77-8A52-05D328CBA2E2}.Debug|Any CPU.Build.0 = Debug|Any CPU
		{E3C57E5D-187C-4C77-8A52-05D328CBA2E2}.Release|Any CPU.ActiveCfg = Release|Any CPU
		{E3C57E5D-187C-4C77-8A52-05D328CBA2E2}.Release|Any CPU.Build.0 = Release|Any CPU
		{38F52654-8C01-4240-9DD6-2CA421EDEA96}.Debug|Any CPU.ActiveCfg = Debug|Any CPU
		{38F52654-8C01-4240-9DD6-2CA421EDEA96}.Debug|Any CPU.Build.0 = Debug|Any CPU
		{38F52654-8C01-4240-9DD6-2CA421EDEA96}.Release|Any CPU.ActiveCfg = Release|Any CPU
		{38F52654-8C01-4240-9DD6-2CA421EDEA96}.Release|Any CPU.Build.0 = Release|Any CPU
		{85D5C0A5-FC1C-4478-8AFE-A5DB8D9E7C9B}.Debug|Any CPU.ActiveCfg = Debug|Any CPU
		{85D5C0A5-FC1C-4478-8AFE-A5DB8D9E7C9B}.Debug|Any CPU.Build.0 = Debug|Any CPU
		{85D5C0A5-FC1C-4478-8AFE-A5DB8D9E7C9B}.Release|Any CPU.ActiveCfg = Release|Any CPU
		{85D5C0A5-FC1C-4478-8AFE-A5DB8D9E7C9B}.Release|Any CPU.Build.0 = Release|Any CPU
		{F2ABA88E-7C9A-429C-8C8C-C0B9D5547556}.Debug|Any CPU.ActiveCfg = Debug|Any CPU
		{F2ABA88E-7C9A-429C-8C8C-C0B9D5547556}.Debug|Any CPU.Build.0 = Debug|Any CPU
		{F2ABA88E-7C9A-429C-8C8C-C0B9D5547556}.Release|Any CPU.ActiveCfg = Release|Any CPU
		{F2ABA88E-7C9A-429C-8C8C-C0B9D5547556}.Release|Any CPU.Build.0 = Release|Any CPU
		{B20C220E-366D-4BBE-931F-9F914F060029}.Debug|Any CPU.ActiveCfg = Debug|Any CPU
		{B20C220E-366D-4BBE-931F-9F914F060029}.Debug|Any CPU.Build.0 = Debug|Any CPU
		{B20C220E-366D-4BBE-931F-9F914F060029}.Release|Any CPU.ActiveCfg = Release|Any CPU
		{B20C220E-366D-4BBE-931F-9F914F060029}.Release|Any CPU.Build.0 = Release|Any CPU
		{9DCF35D3-2615-482C-95EC-39AE1A69A371}.Debug|Any CPU.ActiveCfg = Debug|Any CPU
		{9DCF35D3-2615-482C-95EC-39AE1A69A371}.Debug|Any CPU.Build.0 = Debug|Any CPU
		{9DCF35D3-2615-482C-95EC-39AE1A69A371}.Release|Any CPU.ActiveCfg = Release|Any CPU
		{9DCF35D3-2615-482C-95EC-39AE1A69A371}.Release|Any CPU.Build.0 = Release|Any CPU
		{2569DE16-48E0-4697-BD4E-F5837C201D7E}.Debug|Any CPU.ActiveCfg = Debug|Any CPU
		{2569DE16-48E0-4697-BD4E-F5837C201D7E}.Debug|Any CPU.Build.0 = Debug|Any CPU
		{2569DE16-48E0-4697-BD4E-F5837C201D7E}.Release|Any CPU.ActiveCfg = Release|Any CPU
		{2569DE16-48E0-4697-BD4E-F5837C201D7E}.Release|Any CPU.Build.0 = Release|Any CPU
		{EA18C05E-EBFE-408F-8DC0-64FD39B2F176}.Debug|Any CPU.ActiveCfg = Debug|Any CPU
		{EA18C05E-EBFE-408F-8DC0-64FD39B2F176}.Debug|Any CPU.Build.0 = Debug|Any CPU
		{EA18C05E-EBFE-408F-8DC0-64FD39B2F176}.Release|Any CPU.ActiveCfg = Release|Any CPU
		{EA18C05E-EBFE-408F-8DC0-64FD39B2F176}.Release|Any CPU.Build.0 = Release|Any CPU
		{06008CA4-E539-4F00-8388-3CDA723BCD83}.Debug|Any CPU.ActiveCfg = Debug|Any CPU
		{06008CA4-E539-4F00-8388-3CDA723BCD83}.Debug|Any CPU.Build.0 = Debug|Any CPU
		{06008CA4-E539-4F00-8388-3CDA723BCD83}.Release|Any CPU.ActiveCfg = Release|Any CPU
		{06008CA4-E539-4F00-8388-3CDA723BCD83}.Release|Any CPU.Build.0 = Release|Any CPU
	EndGlobalSection
	GlobalSection(SolutionProperties) = preSolution
		HideSolutionNode = FALSE
	EndGlobalSection
	GlobalSection(ExtensibilityGlobals) = postSolution
		SolutionGuid = {C2C4C078-F44A-416C-BB65-173D590D3E40}
	EndGlobalSection
EndGlobal
