
Microsoft Visual Studio Solution File, Format Version 12.00
# Visual Studio Version 17
VisualStudioVersion = 17.9.34607.119
MinimumVisualStudioVersion = 10.0.40219.1
Project("{9A19103F-16F7-4668-BE54-9A1E7A4F7556}") = "Q1", "Q1\Q1.csproj", "{2623A4BE-B9FD-43F5-BFC4-779857750D72}"
EndProject
Project("{FAE04EC0-301F-11D3-BF4B-00C04F79EFBC}") = "Q2", "Q2\Q2.csproj", "{5CB82FD0-1977-46CC-8396-A915D5A7AF4D}"
EndProject
Project("{FAE04EC0-301F-11D3-BF4B-00C04F79EFBC}") = "Q2.1", "Q2.1\Q2.1.csproj", "{5B45AE76-2654-42BA-8998-E7ABFB17CF7A}"
EndProject
Global
	GlobalSection(SolutionConfigurationPlatforms) = preSolution
		Debug|Any CPU = Debug|Any CPU
		Release|Any CPU = Release|Any CPU
	EndGlobalSection
	GlobalSection(ProjectConfigurationPlatforms) = postSolution
		{2623A4BE-B9FD-43F5-BFC4-779857750D72}.Debug|Any CPU.ActiveCfg = Debug|Any CPU
		{2623A4BE-B9FD-43F5-BFC4-779857750D72}.Debug|Any CPU.Build.0 = Debug|Any CPU
		{2623A4BE-B9FD-43F5-BFC4-779857750D72}.Release|Any CPU.ActiveCfg = Release|Any CPU
		{2623A4BE-B9FD-43F5-BFC4-779857750D72}.Release|Any CPU.Build.0 = Release|Any CPU
		{5CB82FD0-1977-46CC-8396-A915D5A7AF4D}.Debug|Any CPU.ActiveCfg = Debug|Any CPU
		{5CB82FD0-1977-46CC-8396-A915D5A7AF4D}.Debug|Any CPU.Build.0 = Debug|Any CPU
		{5CB82FD0-1977-46CC-8396-A915D5A7AF4D}.Release|Any CPU.ActiveCfg = Release|Any CPU
		{5CB82FD0-1977-46CC-8396-A915D5A7AF4D}.Release|Any CPU.Build.0 = Release|Any CPU
		{5B45AE76-2654-42BA-8998-E7ABFB17CF7A}.Debug|Any CPU.ActiveCfg = Debug|Any CPU
		{5B45AE76-2654-42BA-8998-E7ABFB17CF7A}.Debug|Any CPU.Build.0 = Debug|Any CPU
		{5B45AE76-2654-42BA-8998-E7ABFB17CF7A}.Release|Any CPU.ActiveCfg = Release|Any CPU
		{5B45AE76-2654-42BA-8998-E7ABFB17CF7A}.Release|Any CPU.Build.0 = Release|Any CPU
	EndGlobalSection
	GlobalSection(SolutionProperties) = preSolution
		HideSolutionNode = FALSE
	EndGlobalSection
	GlobalSection(ExtensibilityGlobals) = postSolution
		SolutionGuid = {110571FB-CBC8-459D-B2E0-824168221B7B}
	EndGlobalSection
EndGlobal
