
Microsoft Visual Studio Solution File, Format Version 12.00
# Visual Studio Version 17
VisualStudioVersion = 17.7.34024.191
MinimumVisualStudioVersion = 10.0.40219.1
Project("{9A19103F-16F7-4668-BE54-9A1E7A4F7556}") = "worksheet2Part1", "worksheet2Part1\worksheet2Part1.csproj", "{03D66791-ED71-4855-BDC3-A162A1D480F6}"
EndProject
Project("{9A19103F-16F7-4668-BE54-9A1E7A4F7556}") = "Q2", "Q2\Q2.csproj", "{4B2580BB-63C9-4C40-845F-E956E5D982B1}"
EndProject
Project("{9A19103F-16F7-4668-BE54-9A1E7A4F7556}") = "Q3", "Q3\Q3.csproj", "{6D15D8C6-6267-4984-9232-1772EC72F37D}"
EndProject
Project("{9A19103F-16F7-4668-BE54-9A1E7A4F7556}") = "Q4", "Q4\Q4.csproj", "{5400A805-6D97-443B-991B-13E2F81EFE4B}"
EndProject
Project("{9A19103F-16F7-4668-BE54-9A1E7A4F7556}") = "Q5", "Q5\Q5.csproj", "{E60B1E30-A180-4886-B1A0-E58F00CB6F68}"
EndProject
Project("{9A19103F-16F7-4668-BE54-9A1E7A4F7556}") = "Q6", "Q6\Q6.csproj", "{E4EE03A5-CD0A-46E3-87A0-64667E5AD2FB}"
EndProject
Project("{9A19103F-16F7-4668-BE54-9A1E7A4F7556}") = "Q7", "Q7\Q7.csproj", "{ADB78F66-6CB9-4818-A456-01F1BD4DA7E1}"
EndProject
Project("{9A19103F-16F7-4668-BE54-9A1E7A4F7556}") = "Q8", "Q8\Q8.csproj", "{CEF008C7-6335-4E1B-94FA-2990C27734BB}"
EndProject
Project("{9A19103F-16F7-4668-BE54-9A1E7A4F7556}") = "Q9", "Q9\Q9.csproj", "{73D61843-7452-468C-AD4A-1CCD71217807}"
EndProject
Project("{9A19103F-16F7-4668-BE54-9A1E7A4F7556}") = "Q10", "Q10\Q10.csproj", "{BD5FF32D-E862-413E-9E9D-3E020C63604B}"
EndProject
Project("{9A19103F-16F7-4668-BE54-9A1E7A4F7556}") = "Q11", "Q11\Q11.csproj", "{5F7AEF43-50F6-4068-ABC0-DCC6E31A2725}"
EndProject
Project("{9A19103F-16F7-4668-BE54-9A1E7A4F7556}") = "Q12", "Q12\Q12.csproj", "{B2FCD3CF-954A-413A-B782-CE283FE89572}"
EndProject
Project("{FAE04EC0-301F-11D3-BF4B-00C04F79EFBC}") = "Q13", "Q13\Q13.csproj", "{5BC9FB1A-E574-4077-B3FE-83E0C8B5CFD9}"
EndProject
Global
	GlobalSection(SolutionConfigurationPlatforms) = preSolution
		Debug|Any CPU = Debug|Any CPU
		Release|Any CPU = Release|Any CPU
	EndGlobalSection
	GlobalSection(ProjectConfigurationPlatforms) = postSolution
		{03D66791-ED71-4855-BDC3-A162A1D480F6}.Debug|Any CPU.ActiveCfg = Debug|Any CPU
		{03D66791-ED71-4855-BDC3-A162A1D480F6}.Debug|Any CPU.Build.0 = Debug|Any CPU
		{03D66791-ED71-4855-BDC3-A162A1D480F6}.Release|Any CPU.ActiveCfg = Release|Any CPU
		{03D66791-ED71-4855-BDC3-A162A1D480F6}.Release|Any CPU.Build.0 = Release|Any CPU
		{4B2580BB-63C9-4C40-845F-E956E5D982B1}.Debug|Any CPU.ActiveCfg = Debug|Any CPU
		{4B2580BB-63C9-4C40-845F-E956E5D982B1}.Debug|Any CPU.Build.0 = Debug|Any CPU
		{4B2580BB-63C9-4C40-845F-E956E5D982B1}.Release|Any CPU.ActiveCfg = Release|Any CPU
		{4B2580BB-63C9-4C40-845F-E956E5D982B1}.Release|Any CPU.Build.0 = Release|Any CPU
		{6D15D8C6-6267-4984-9232-1772EC72F37D}.Debug|Any CPU.ActiveCfg = Debug|Any CPU
		{6D15D8C6-6267-4984-9232-1772EC72F37D}.Debug|Any CPU.Build.0 = Debug|Any CPU
		{6D15D8C6-6267-4984-9232-1772EC72F37D}.Release|Any CPU.ActiveCfg = Release|Any CPU
		{6D15D8C6-6267-4984-9232-1772EC72F37D}.Release|Any CPU.Build.0 = Release|Any CPU
		{5400A805-6D97-443B-991B-13E2F81EFE4B}.Debug|Any CPU.ActiveCfg = Debug|Any CPU
		{5400A805-6D97-443B-991B-13E2F81EFE4B}.Debug|Any CPU.Build.0 = Debug|Any CPU
		{5400A805-6D97-443B-991B-13E2F81EFE4B}.Release|Any CPU.ActiveCfg = Release|Any CPU
		{5400A805-6D97-443B-991B-13E2F81EFE4B}.Release|Any CPU.Build.0 = Release|Any CPU
		{E60B1E30-A180-4886-B1A0-E58F00CB6F68}.Debug|Any CPU.ActiveCfg = Debug|Any CPU
		{E60B1E30-A180-4886-B1A0-E58F00CB6F68}.Debug|Any CPU.Build.0 = Debug|Any CPU
		{E60B1E30-A180-4886-B1A0-E58F00CB6F68}.Release|Any CPU.ActiveCfg = Release|Any CPU
		{E60B1E30-A180-4886-B1A0-E58F00CB6F68}.Release|Any CPU.Build.0 = Release|Any CPU
		{E4EE03A5-CD0A-46E3-87A0-64667E5AD2FB}.Debug|Any CPU.ActiveCfg = Debug|Any CPU
		{E4EE03A5-CD0A-46E3-87A0-64667E5AD2FB}.Debug|Any CPU.Build.0 = Debug|Any CPU
		{E4EE03A5-CD0A-46E3-87A0-64667E5AD2FB}.Release|Any CPU.ActiveCfg = Release|Any CPU
		{E4EE03A5-CD0A-46E3-87A0-64667E5AD2FB}.Release|Any CPU.Build.0 = Release|Any CPU
		{ADB78F66-6CB9-4818-A456-01F1BD4DA7E1}.Debug|Any CPU.ActiveCfg = Debug|Any CPU
		{ADB78F66-6CB9-4818-A456-01F1BD4DA7E1}.Debug|Any CPU.Build.0 = Debug|Any CPU
		{ADB78F66-6CB9-4818-A456-01F1BD4DA7E1}.Release|Any CPU.ActiveCfg = Release|Any CPU
		{ADB78F66-6CB9-4818-A456-01F1BD4DA7E1}.Release|Any CPU.Build.0 = Release|Any CPU
		{CEF008C7-6335-4E1B-94FA-2990C27734BB}.Debug|Any CPU.ActiveCfg = Debug|Any CPU
		{CEF008C7-6335-4E1B-94FA-2990C27734BB}.Debug|Any CPU.Build.0 = Debug|Any CPU
		{CEF008C7-6335-4E1B-94FA-2990C27734BB}.Release|Any CPU.ActiveCfg = Release|Any CPU
		{CEF008C7-6335-4E1B-94FA-2990C27734BB}.Release|Any CPU.Build.0 = Release|Any CPU
		{73D61843-7452-468C-AD4A-1CCD71217807}.Debug|Any CPU.ActiveCfg = Debug|Any CPU
		{73D61843-7452-468C-AD4A-1CCD71217807}.Debug|Any CPU.Build.0 = Debug|Any CPU
		{73D61843-7452-468C-AD4A-1CCD71217807}.Release|Any CPU.ActiveCfg = Release|Any CPU
		{73D61843-7452-468C-AD4A-1CCD71217807}.Release|Any CPU.Build.0 = Release|Any CPU
		{BD5FF32D-E862-413E-9E9D-3E020C63604B}.Debug|Any CPU.ActiveCfg = Debug|Any CPU
		{BD5FF32D-E862-413E-9E9D-3E020C63604B}.Debug|Any CPU.Build.0 = Debug|Any CPU
		{BD5FF32D-E862-413E-9E9D-3E020C63604B}.Release|Any CPU.ActiveCfg = Release|Any CPU
		{BD5FF32D-E862-413E-9E9D-3E020C63604B}.Release|Any CPU.Build.0 = Release|Any CPU
		{5F7AEF43-50F6-4068-ABC0-DCC6E31A2725}.Debug|Any CPU.ActiveCfg = Debug|Any CPU
		{5F7AEF43-50F6-4068-ABC0-DCC6E31A2725}.Debug|Any CPU.Build.0 = Debug|Any CPU
		{5F7AEF43-50F6-4068-ABC0-DCC6E31A2725}.Release|Any CPU.ActiveCfg = Release|Any CPU
		{5F7AEF43-50F6-4068-ABC0-DCC6E31A2725}.Release|Any CPU.Build.0 = Release|Any CPU
		{B2FCD3CF-954A-413A-B782-CE283FE89572}.Debug|Any CPU.ActiveCfg = Debug|Any CPU
		{B2FCD3CF-954A-413A-B782-CE283FE89572}.Debug|Any CPU.Build.0 = Debug|Any CPU
		{B2FCD3CF-954A-413A-B782-CE283FE89572}.Release|Any CPU.ActiveCfg = Release|Any CPU
		{B2FCD3CF-954A-413A-B782-CE283FE89572}.Release|Any CPU.Build.0 = Release|Any CPU
		{5BC9FB1A-E574-4077-B3FE-83E0C8B5CFD9}.Debug|Any CPU.ActiveCfg = Debug|Any CPU
		{5BC9FB1A-E574-4077-B3FE-83E0C8B5CFD9}.Debug|Any CPU.Build.0 = Debug|Any CPU
		{5BC9FB1A-E574-4077-B3FE-83E0C8B5CFD9}.Release|Any CPU.ActiveCfg = Release|Any CPU
		{5BC9FB1A-E574-4077-B3FE-83E0C8B5CFD9}.Release|Any CPU.Build.0 = Release|Any CPU
	EndGlobalSection
	GlobalSection(SolutionProperties) = preSolution
		HideSolutionNode = FALSE
	EndGlobalSection
	GlobalSection(ExtensibilityGlobals) = postSolution
		SolutionGuid = {885A26E5-B87E-4BD8-9B75-4B2C497994CF}
	EndGlobalSection
EndGlobal
